lockfileVersion: "9.0"

settings:
  autoInstallPeers: true
  excludeLinksFromLockfile: false

importers:
  .:
    dependencies:
      typescript:
        specifier: ^5.9.2
        version: 5.9.2
    devDependencies:
      dprint:
        specifier: ^0.50.2
        version: 0.50.2

packages:
  "@dprint/darwin-arm64@0.50.2":
    resolution: {
      integrity: sha512-4d08INZlTxbPW9LK9W8+93viN543/qA2Kxn4azVnPW/xCb2Im03UqJBz8mMm3nJZdtNnK3uTVG3ib1VW+XJisw==,
    }
    cpu: [arm64]
    os: [darwin]

  "@dprint/darwin-x64@0.50.2":
    resolution: {
      integrity: sha512-ZXWPBwdLojhdBATq+bKwJvB7D8bIzrD6eR/Xuq9UYE7evQazUiR069d9NPF0iVuzTo6wNf9ub9SXI7qDl11EGA==,
    }
    cpu: [x64]
    os: [darwin]

  "@dprint/linux-arm64-glibc@0.50.2":
    resolution: {
      integrity: sha512-marxQzRw8atXAnaawwZHeeUaaAVewrGTlFKKcDASGyjPBhc23J5fHPUPremm8xCbgYZyTlokzrV8/1rDRWhJcw==,
    }
    cpu: [arm64]
    os: [linux]

  "@dprint/linux-arm64-musl@0.50.2":
    resolution: {
      integrity: sha512-oGDq44ydzo0ZkJk6RHcUzUN5sOMT5HC6WA8kHXI6tkAsLUkaLO2DzZFfW4aAYZUn+hYNpQfQD8iGew0sjkyLyg==,
    }
    cpu: [arm64]
    os: [linux]

  "@dprint/linux-riscv64-glibc@0.50.2":
    resolution: {
      integrity: sha512-QMmZoZYWsXezDcC03fBOwPfxhTpPEyHqutcgJ0oauN9QcSXGji9NSZITMmtLz2Ki3T1MIvdaLd1goGzNSvNqTQ==,
    }
    cpu: [riscv64]
    os: [linux]

  "@dprint/linux-x64-glibc@0.50.2":
    resolution: {
      integrity: sha512-KMeHEzb4teQJChTgq8HuQzc+reRNDnarOTGTQovAZ9WNjOtKLViftsKWW5HsnRHtP5nUIPE9rF1QLjJ/gUsqvw==,
    }
    cpu: [x64]
    os: [linux]

  "@dprint/linux-x64-musl@0.50.2":
    resolution: {
      integrity: sha512-qM37T7H69g5coBTfE7SsA+KZZaRBky6gaUhPgAYxW+fOsoVtZSVkXtfTtQauHTpqqOEtbxfCtum70Hz1fr1teg==,
    }
    cpu: [x64]
    os: [linux]

  "@dprint/win32-arm64@0.50.2":
    resolution: {
      integrity: sha512-kuGVHGoxLwssVDsodefUIYQRoO2fQncurH/xKgXiZwMPOSzFcgUzYJQiyqmJEp+PENhO9VT1hXUHZtlyCAWBUQ==,
    }
    cpu: [arm64]
    os: [win32]

  "@dprint/win32-x64@0.50.2":
    resolution: {
      integrity: sha512-N3l9k31c3IMfVXqL0L6ygIhJFvCIrfQ+Z5Jph6RnCcBO6oDYWeYhAv/qBk1vLsF2y/e79TKsR1tvaEwnrQ03XA==,
    }
    cpu: [x64]
    os: [win32]

  dprint@0.50.2:
    resolution: {
      integrity: sha512-+0Fzg+17jsMMUouK00/Fara5YtGOuE76EAJINHB8VpkXHd0n00rMXtw/03qorOgz23eo8Y0UpYvNZBJJo3aNtw==,
    }
    hasBin: true

  typescript@5.9.2:
    resolution: {
      integrity: sha512-CWBzXQrc/qOkhidw1OzBTQuYRbfyxDXJMVJ1XNwUHGROVmuaeiEm3OslpZ1RV96d7SKKjZKrSJu3+t/xlw3R9A==,
    }
    engines: { node: ">=14.17" }
    hasBin: true

snapshots:
  "@dprint/darwin-arm64@0.50.2":
    optional: true

  "@dprint/darwin-x64@0.50.2":
    optional: true

  "@dprint/linux-arm64-glibc@0.50.2":
    optional: true

  "@dprint/linux-arm64-musl@0.50.2":
    optional: true

  "@dprint/linux-riscv64-glibc@0.50.2":
    optional: true

  "@dprint/linux-x64-glibc@0.50.2":
    optional: true

  "@dprint/linux-x64-musl@0.50.2":
    optional: true

  "@dprint/win32-arm64@0.50.2":
    optional: true

  "@dprint/win32-x64@0.50.2":
    optional: true

  dprint@0.50.2:
    optionalDependencies:
      "@dprint/darwin-arm64": 0.50.2
      "@dprint/darwin-x64": 0.50.2
      "@dprint/linux-arm64-glibc": 0.50.2
      "@dprint/linux-arm64-musl": 0.50.2
      "@dprint/linux-riscv64-glibc": 0.50.2
      "@dprint/linux-x64-glibc": 0.50.2
      "@dprint/linux-x64-musl": 0.50.2
      "@dprint/win32-arm64": 0.50.2
      "@dprint/win32-x64": 0.50.2

  typescript@5.9.2: {}
