{
  "nodes": {
    "berkeley-mono": {
      "flake": false,
      "locked": {
        "lastModified": 1778858226,
        "narHash": "sha256-fMQ0Iy51a/QdbWrdxO7ZjU7uBvnnCIFmiq8NfLB2UZk=",
        "path": "/home/robert/.fonts/berkeley-mono",
        "type": "path"
      },
      "original": {
        "path": "/home/robert/.fonts/berkeley-mono",
        "type": "path"
      }
    },
    "crane": {
      "locked": {
        "lastModified": 1784564969,
        "narHash": "sha256-TkTWNhJV/8Wk3czlbz4bwHZkFCaCHPsOy+oJe4PUiXg=",
        "owner": "ipetkov",
        "repo": "crane",
        "rev": "7930f6c291de6f83c257839d434592aa085f290a",
        "type": "github"
      },
      "original": {
        "owner": "ipetkov",
        "repo": "crane",
        "type": "github"
      }
    },
    "direnv-instant": {
      "inputs": {
        "flake-parts": "flake-parts",
        "nixpkgs": [
          "nixpkgs"
        ],
        "treefmt-nix": "treefmt-nix"
      },
      "locked": {
        "lastModified": 1781766454,
        "narHash": "sha256-f4yQVdfmgflkqah/bSzgamaZPajl73TQYpvkWptujko=",
        "owner": "Mic92",
        "repo": "direnv-instant",
        "rev": "0dcf752d9476f7f8b75a9e94a43ca376f0716be4",
        "type": "github"
      },
      "original": {
        "owner": "Mic92",
        "repo": "direnv-instant",
        "type": "github"
      }
    },
    "fenix": {
      "inputs": {
        "nixpkgs": [
          "sift",
          "nixpkgs"
        ],
        "rust-analyzer-src": "rust-analyzer-src"
      },
      "locked": {
        "lastModified": 1784709340,
        "narHash": "sha256-qsmQMPL+qInjXfdjX0RquObSKcs5h/4D63IWH9j4+Ro=",
        "owner": "nix-community",
        "repo": "fenix",
        "rev": "fa09e6473a0dfd673e6cb9a37741aec513b4bb2a",
        "type": "github"
      },
      "original": {
        "owner": "nix-community",
        "repo": "fenix",
        "type": "github"
      }
    },
    "flake-parts": {
      "inputs": {
        "nixpkgs-lib": [
          "direnv-instant",
          "nixpkgs"
        ]
      },
      "locked": {
        "lastModified": 1778716662,
        "narHash": "sha256-m1Yf0wZ8j1OHjTc2UwHwyQRSnNeSgLJOd7q5Y45hzi4=",
        "owner": "hercules-ci",
        "repo": "flake-parts",
        "rev": "f7c1a2d347e4c52d5fb8d10cb4d94b5884e546fb",
        "type": "github"
      },
      "original": {
        "owner": "hercules-ci",
        "repo": "flake-parts",
        "type": "github"
      }
    },
    "glide": {
      "inputs": {
        "home-manager": [
          "home-manager"
        ],
        "nixpkgs": [
          "nixpkgs"
        ]
      },
      "locked": {
        "lastModified": 1782680989,
        "narHash": "sha256-7OxxwIdXZRagnvsnVVp4Ju3Qhmht8hljiS8b7SfGOe4=",
        "owner": "glide-browser",
        "repo": "glide.nix",
        "rev": "bba480c72761ded14314811c440c106360da5572",
        "type": "github"
      },
      "original": {
        "owner": "glide-browser",
        "repo": "glide.nix",
        "type": "github"
      }
    },
    "home-manager": {
      "inputs": {
        "nixpkgs": [
          "nixpkgs"
        ]
      },
      "locked": {
        "lastModified": 1781890084,
        "narHash": "sha256-0HPkaiZtNBOaA9KsF26YI18sBvp1KDs/o8Ioo2qCqaw=",
        "owner": "nix-community",
        "repo": "home-manager",
        "rev": "153bad8fb58fd3ad9bbfcbdd0a965acc89a869e1",
        "type": "github"
      },
      "original": {
        "owner": "nix-community",
        "repo": "home-manager",
        "type": "github"
      }
    },
    "nixpkgs": {
      "locked": {
        "lastModified": 1781577229,
        "narHash": "sha256-lrp67w8AulE9Ks53n27I45ADSzbOCn4H+CNW1Ck8B+8=",
        "owner": "NixOS",
        "repo": "nixpkgs",
        "rev": "567a49d1913ce81ac6e9582e3553dd90a955875f",
        "type": "github"
      },
      "original": {
        "owner": "NixOS",
        "ref": "nixos-unstable",
        "repo": "nixpkgs",
        "type": "github"
      }
    },
    "nixpkgs_2": {
      "locked": {
        "lastModified": 1784497964,
        "narHash": "sha256-vlHUuqAcbcH2RKmHbPiuQzbv1pnzzavXnI62RD0bqCU=",
        "owner": "NixOS",
        "repo": "nixpkgs",
        "rev": "241313f4e8e508cb9b13278c2b0fa25b9ca27163",
        "type": "github"
      },
      "original": {
        "owner": "NixOS",
        "ref": "nixos-unstable",
        "repo": "nixpkgs",
        "type": "github"
      }
    },
    "root": {
      "inputs": {
        "berkeley-mono": "berkeley-mono",
        "direnv-instant": "direnv-instant",
        "glide": "glide",
        "home-manager": "home-manager",
        "nixpkgs": "nixpkgs",
        "sift": "sift"
      }
    },
    "rust-analyzer-src": {
      "flake": false,
      "locked": {
        "lastModified": 1784667699,
        "narHash": "sha256-853teJQOgTTKRfNxcIJ53ziJOGNeg3c74PvQl5l61Jc=",
        "owner": "rust-lang",
        "repo": "rust-analyzer",
        "rev": "1174734d9c6453d13d2b5e3d578512c579ca37f1",
        "type": "github"
      },
      "original": {
        "owner": "rust-lang",
        "ref": "nightly",
        "repo": "rust-analyzer",
        "type": "github"
      }
    },
    "sift": {
      "inputs": {
        "crane": "crane",
        "fenix": "fenix",
        "nixpkgs": "nixpkgs_2"
      },
      "locked": {
        "lastModified": 1788792040,
        "narHash": "sha256-TTsT6s0m0Rpb4EADYvtdtMQATKFVwqzd7xWs6ODKqm4=",
        "ref": "refs/heads/master",
        "rev": "f4846b6a70f80b4cd133c3b4e1a8685e57f7d9fa",
        "revCount": 97,
        "type": "git",
        "url": "file:///home/robert/code/email"
      },
      "original": {
        "type": "git",
        "url": "file:///home/robert/code/email"
      }
    },
    "treefmt-nix": {
      "inputs": {
        "nixpkgs": [
          "direnv-instant",
          "nixpkgs"
        ]
      },
      "locked": {
        "lastModified": 1780220602,
        "narHash": "sha256-eynAfOmbmxJnkp7YewvCEbShNnnYJ9gLLqkzsYtBPeM=",
        "owner": "numtide",
        "repo": "treefmt-nix",
        "rev": "db947814a175b7ca6ded66e21383d938df01c227",
        "type": "github"
      },
      "original": {
        "owner": "numtide",
        "repo": "treefmt-nix",
        "type": "github"
      }
    }
  },
  "root": "root",
  "version": 7
}
